<?xml version="1.0" encoding="utf-8"?>
<Project ToolsVersion="4.0" xmlns="http://schemas.microsoft.com/developer/msbuild/2003">
  <ItemGroup>
    <Filter Include=".vscode">
      <UniqueIdentifier>{6658776a-9014-40ce-a95c-410f3b1c3d66}</UniqueIdentifier>
    </Filter>
    <Filter Include=".cmake">
      <UniqueIdentifier>{652bc33e-da2f-45cb-862d-fa652433d0be}</UniqueIdentifier>
    </Filter>
    <Filter Include="src">
      <UniqueIdentifier>{937c08c1-f6cb-45df-b64a-ddfc4987f5d3}</UniqueIdentifier>
    </Filter>
  </ItemGroup>
  <ItemGroup>
    <Text Include="CMakeLists.txt" />
  </ItemGroup>
  <ItemGroup>
    <None Include="build.sh" />
  </ItemGroup>
  <ItemGroup>
    <None Include=".vscode\launch.json">
      <Filter>.vscode</Filter>
    </None>
    <None Include=".vscode\settings.json">
      <Filter>.vscode</Filter>
    </None>
    <None Include=".vscode\tasks.json">
      <Filter>.vscode</Filter>
    </None>
  </ItemGroup>
  <ItemGroup>
    <None Include=".cmake\x64.cmake">
      <Filter>.cmake</Filter>
    </None>
    <None Include=".cmake\x86.cmake">
      <Filter>.cmake</Filter>
    </None>
    <None Include=".cmake\arm.cmake">
      <Filter>.cmake</Filter>
    </None>
    <None Include=".cmake\aarch64.cmake">
      <Filter>.cmake</Filter>
    </None>
      <None Include=".cmake\sources.generated.cmake">
        <Filter>.cmake</Filter>
      </None>
  </ItemGroup>
  <ItemGroup>
    <ClCompile Include="src\qtmain.cpp">
      <Filter>src</Filter>
    </ClCompile>
  </ItemGroup>
</Project>